
Microsoft Visual Studio Solution File, Format Version 12.00
# Visual Studio 15
VisualStudioVersion = 15.0.28307.1062
MinimumVisualStudioVersion = 10.0.40219.1
Project("{FAE04EC0-301F-11D3-BF4B-00C04F79EFBC}") = "LabelTutorial.Android", "LabelTutorial\LabelTutorial.Android\LabelTutorial.Android.csproj", "{768AD9A5-B0D7-4CC9-B37C-EE696DDA93A1}"
EndProject
Project("{FAE04EC0-301F-11D3-BF4B-00C04F79EFBC}") = "LabelTutorial", "LabelTutorial\LabelTutorial\LabelTutorial.csproj", "{52E103F0-465C-45AE-9FC6-19FEC1BF6E0E}"
EndProject
Project("{FAE04EC0-301F-11D3-BF4B-00C04F79EFBC}") = "ButtonTutorial.Android", "ButtonTutorial\ButtonTutorial.Android\ButtonTutorial.Android.csproj", "{41A09CB4-0278-470F-9199-C3BFB8497FD8}"
EndProject
Project("{FAE04EC0-301F-11D3-BF4B-00C04F79EFBC}") = "ButtonTutorial", "ButtonTutorial\ButtonTutorial\ButtonTutorial.csproj", "{BB72E806-B04B-4BCC-9418-1C4120BA2767}"
EndProject
Project("{FAE04EC0-301F-11D3-BF4B-00C04F79EFBC}") = "EntryTutorial.Android", "EntryTutorial\EntryTutorial.Android\EntryTutorial.Android.csproj", "{3523F988-40C6-42EB-B533-F136C5830361}"
EndProject
Project("{FAE04EC0-301F-11D3-BF4B-00C04F79EFBC}") = "EntryTutorial", "EntryTutorial\EntryTutorial\EntryTutorial.csproj", "{13CF85C3-18BB-43E2-B4DC-8240E7D173B7}"
EndProject
Project("{FAE04EC0-301F-11D3-BF4B-00C04F79EFBC}") = "EditorTutorial.Android", "EditorTutorial\EditorTutorial.Android\EditorTutorial.Android.csproj", "{10BBF5A3-4F50-49DF-B6DB-B297B33377B3}"
EndProject
Project("{FAE04EC0-301F-11D3-BF4B-00C04F79EFBC}") = "EditorTutorial", "EditorTutorial\EditorTutorial\EditorTutorial.csproj", "{59F647A5-16CD-44FD-834D-8CCC581548FA}"
EndProject
Project("{FAE04EC0-301F-11D3-BF4B-00C04F79EFBC}") = "ImageTutorial.Android", "ImageTutorial\ImageTutorial.Android\ImageTutorial.Android.csproj", "{9A8BC3D3-DBFF-4998-8971-4E10C8FB4BD8}"
EndProject
Project("{FAE04EC0-301F-11D3-BF4B-00C04F79EFBC}") = "ImageTutorial", "ImageTutorial\ImageTutorial\ImageTutorial.csproj", "{415E9E22-F6C9-48BD-B423-0BA06A01FA57}"
EndProject
Project("{FAE04EC0-301F-11D3-BF4B-00C04F79EFBC}") = "ListViewTutorial.Android", "ListViewTutorial\ListViewTutorial.Android\ListViewTutorial.Android.csproj", "{A017F590-B7E7-43D4-8292-5A7813A36E1F}"
EndProject
Project("{FAE04EC0-301F-11D3-BF4B-00C04F79EFBC}") = "ListViewTutorial", "ListViewTutorial\ListViewTutorial\ListViewTutorial.csproj", "{C5351EF9-D6DD-4133-8C73-261E85A01561}"
EndProject
Project("{FAE04EC0-301F-11D3-BF4B-00C04F79EFBC}") = "PopupsTutorial.Android", "PopupsTutorial\PopupsTutorial.Android\PopupsTutorial.Android.csproj", "{239272E0-25D4-408D-BB9C-FEAC6DE4715F}"
EndProject
Project("{FAE04EC0-301F-11D3-BF4B-00C04F79EFBC}") = "PopupsTutorial", "PopupsTutorial\PopupsTutorial\PopupsTutorial.csproj", "{E149A3AB-2893-40D3-8835-18C5243A63ED}"
EndProject
Global
	GlobalSection(SolutionConfigurationPlatforms) = preSolution
		Ad-Hoc|Any CPU = Ad-Hoc|Any CPU
		Ad-Hoc|iPhone = Ad-Hoc|iPhone
		Ad-Hoc|iPhoneSimulator = Ad-Hoc|iPhoneSimulator
		AppStore|Any CPU = AppStore|Any CPU
		AppStore|iPhone = AppStore|iPhone
		AppStore|iPhoneSimulator = AppStore|iPhoneSimulator
		Debug|Any CPU = Debug|Any CPU
		Debug|iPhone = Debug|iPhone
		Debug|iPhoneSimulator = Debug|iPhoneSimulator
		Release|Any CPU = Release|Any CPU
		Release|iPhone = Release|iPhone
		Release|iPhoneSimulator = Release|iPhoneSimulator
	EndGlobalSection
	GlobalSection(ProjectConfigurationPlatforms) = postSolution
		{768AD9A5-B0D7-4CC9-B37C-EE696DDA93A1}.Ad-Hoc|Any CPU.ActiveCfg = Release|Any CPU
		{768AD9A5-B0D7-4CC9-B37C-EE696DDA93A1}.Ad-Hoc|Any CPU.Build.0 = Release|Any CPU
		{768AD9A5-B0D7-4CC9-B37C-EE696DDA93A1}.Ad-Hoc|Any CPU.Deploy.0 = Release|Any CPU
		{768AD9A5-B0D7-4CC9-B37C-EE696DDA93A1}.Ad-Hoc|iPhone.ActiveCfg = Release|Any CPU
		{768AD9A5-B0D7-4CC9-B37C-EE696DDA93A1}.Ad-Hoc|iPhone.Build.0 = Release|Any CPU
		{768AD9A5-B0D7-4CC9-B37C-EE696DDA93A1}.Ad-Hoc|iPhone.Deploy.0 = Release|Any CPU
		{768AD9A5-B0D7-4CC9-B37C-EE696DDA93A1}.Ad-Hoc|iPhoneSimulator.ActiveCfg = Release|Any CPU
		{768AD9A5-B0D7-4CC9-B37C-EE696DDA93A1}.Ad-Hoc|iPhoneSimulator.Build.0 = Release|Any CPU
		{768AD9A5-B0D7-4CC9-B37C-EE696DDA93A1}.Ad-Hoc|iPhoneSimulator.Deploy.0 = Release|Any CPU
		{768AD9A5-B0D7-4CC9-B37C-EE696DDA93A1}.AppStore|Any CPU.ActiveCfg = Release|Any CPU
		{768AD9A5-B0D7-4CC9-B37C-EE696DDA93A1}.AppStore|Any CPU.Build.0 = Release|Any CPU
		{768AD9A5-B0D7-4CC9-B37C-EE696DDA93A1}.AppStore|Any CPU.Deploy.0 = Release|Any CPU
		{768AD9A5-B0D7-4CC9-B37C-EE696DDA93A1}.AppStore|iPhone.ActiveCfg = Release|Any CPU
		{768AD9A5-B0D7-4CC9-B37C-EE696DDA93A1}.AppStore|iPhone.Build.0 = Release|Any CPU
		{768AD9A5-B0D7-4CC9-B37C-EE696DDA93A1}.AppStore|iPhone.Deploy.0 = Release|Any CPU
		{768AD9A5-B0D7-4CC9-B37C-EE696DDA93A1}.AppStore|iPhoneSimulator.ActiveCfg = Release|Any CPU
		{768AD9A5-B0D7-4CC9-B37C-EE696DDA93A1}.AppStore|iPhoneSimulator.Build.0 = Release|Any CPU
		{768AD9A5-B0D7-4CC9-B37C-EE696DDA93A1}.AppStore|iPhoneSimulator.Deploy.0 = Release|Any CPU
		{768AD9A5-B0D7-4CC9-B37C-EE696DDA93A1}.Debug|Any CPU.ActiveCfg = Debug|Any CPU
		{768AD9A5-B0D7-4CC9-B37C-EE696DDA93A1}.Debug|Any CPU.Build.0 = Debug|Any CPU
		{768AD9A5-B0D7-4CC9-B37C-EE696DDA93A1}.Debug|Any CPU.Deploy.0 = Debug|Any CPU
		{768AD9A5-B0D7-4CC9-B37C-EE696DDA93A1}.Debug|iPhone.ActiveCfg = Debug|Any CPU
		{768AD9A5-B0D7-4CC9-B37C-EE696DDA93A1}.Debug|iPhone.Build.0 = Debug|Any CPU
		{768AD9A5-B0D7-4CC9-B37C-EE696DDA93A1}.Debug|iPhone.Deploy.0 = Debug|Any CPU
		{768AD9A5-B0D7-4CC9-B37C-EE696DDA93A1}.Debug|iPhoneSimulator.ActiveCfg = Debug|Any CPU
		{768AD9A5-B0D7-4CC9-B37C-EE696DDA93A1}.Debug|iPhoneSimulator.Build.0 = Debug|Any CPU
		{768AD9A5-B0D7-4CC9-B37C-EE696DDA93A1}.Debug|iPhoneSimulator.Deploy.0 = Debug|Any CPU
		{768AD9A5-B0D7-4CC9-B37C-EE696DDA93A1}.Release|Any CPU.ActiveCfg = Release|Any CPU
		{768AD9A5-B0D7-4CC9-B37C-EE696DDA93A1}.Release|Any CPU.Build.0 = Release|Any CPU
		{768AD9A5-B0D7-4CC9-B37C-EE696DDA93A1}.Release|Any CPU.Deploy.0 = Release|Any CPU
		{768AD9A5-B0D7-4CC9-B37C-EE696DDA93A1}.Release|iPhone.ActiveCfg = Release|Any CPU
		{768AD9A5-B0D7-4CC9-B37C-EE696DDA93A1}.Release|iPhone.Build.0 = Release|Any CPU
		{768AD9A5-B0D7-4CC9-B37C-EE696DDA93A1}.Release|iPhone.Deploy.0 = Release|Any CPU
		{768AD9A5-B0D7-4CC9-B37C-EE696DDA93A1}.Release|iPhoneSimulator.ActiveCfg = Release|Any CPU
		{768AD9A5-B0D7-4CC9-B37C-EE696DDA93A1}.Release|iPhoneSimulator.Build.0 = Release|Any CPU
		{768AD9A5-B0D7-4CC9-B37C-EE696DDA93A1}.Release|iPhoneSimulator.Deploy.0 = Release|Any CPU
		{52E103F0-465C-45AE-9FC6-19FEC1BF6E0E}.Ad-Hoc|Any CPU.ActiveCfg = Debug|Any CPU
		{52E103F0-465C-45AE-9FC6-19FEC1BF6E0E}.Ad-Hoc|Any CPU.Build.0 = Debug|Any CPU
		{52E103F0-465C-45AE-9FC6-19FEC1BF6E0E}.Ad-Hoc|iPhone.ActiveCfg = Debug|Any CPU
		{52E103F0-465C-45AE-9FC6-19FEC1BF6E0E}.Ad-Hoc|iPhone.Build.0 = Debug|Any CPU
		{52E103F0-465C-45AE-9FC6-19FEC1BF6E0E}.Ad-Hoc|iPhoneSimulator.ActiveCfg = Debug|Any CPU
		{52E103F0-465C-45AE-9FC6-19FEC1BF6E0E}.Ad-Hoc|iPhoneSimulator.Build.0 = Debug|Any CPU
		{52E103F0-465C-45AE-9FC6-19FEC1BF6E0E}.AppStore|Any CPU.ActiveCfg = Debug|Any CPU
		{52E103F0-465C-45AE-9FC6-19FEC1BF6E0E}.AppStore|Any CPU.Build.0 = Debug|Any CPU
		{52E103F0-465C-45AE-9FC6-19FEC1BF6E0E}.AppStore|iPhone.ActiveCfg = Debug|Any CPU
		{52E103F0-465C-45AE-9FC6-19FEC1BF6E0E}.AppStore|iPhone.Build.0 = Debug|Any CPU
		{52E103F0-465C-45AE-9FC6-19FEC1BF6E0E}.AppStore|iPhoneSimulator.ActiveCfg = Debug|Any CPU
		{52E103F0-465C-45AE-9FC6-19FEC1BF6E0E}.AppStore|iPhoneSimulator.Build.0 = Debug|Any CPU
		{52E103F0-465C-45AE-9FC6-19FEC1BF6E0E}.Debug|Any CPU.ActiveCfg = Debug|Any CPU
		{52E103F0-465C-45AE-9FC6-19FEC1BF6E0E}.Debug|Any CPU.Build.0 = Debug|Any CPU
		{52E103F0-465C-45AE-9FC6-19FEC1BF6E0E}.Debug|Any CPU.Deploy.0 = Debug|Any CPU
		{52E103F0-465C-45AE-9FC6-19FEC1BF6E0E}.Debug|iPhone.ActiveCfg = Debug|Any CPU
		{52E103F0-465C-45AE-9FC6-19FEC1BF6E0E}.Debug|iPhone.Build.0 = Debug|Any CPU
		{52E103F0-465C-45AE-9FC6-19FEC1BF6E0E}.Debug|iPhoneSimulator.ActiveCfg = Debug|Any CPU
		{52E103F0-465C-45AE-9FC6-19FEC1BF6E0E}.Debug|iPhoneSimulator.Build.0 = Debug|Any CPU
		{52E103F0-465C-45AE-9FC6-19FEC1BF6E0E}.Release|Any CPU.ActiveCfg = Release|Any CPU
		{52E103F0-465C-45AE-9FC6-19FEC1BF6E0E}.Release|Any CPU.Build.0 = Release|Any CPU
		{52E103F0-465C-45AE-9FC6-19FEC1BF6E0E}.Release|Any CPU.Deploy.0 = Release|Any CPU
		{52E103F0-465C-45AE-9FC6-19FEC1BF6E0E}.Release|iPhone.ActiveCfg = Release|Any CPU
		{52E103F0-465C-45AE-9FC6-19FEC1BF6E0E}.Release|iPhone.Build.0 = Release|Any CPU
		{52E103F0-465C-45AE-9FC6-19FEC1BF6E0E}.Release|iPhoneSimulator.ActiveCfg = Release|Any CPU
		{52E103F0-465C-45AE-9FC6-19FEC1BF6E0E}.Release|iPhoneSimulator.Build.0 = Release|Any CPU
		{41A09CB4-0278-470F-9199-C3BFB8497FD8}.Ad-Hoc|Any CPU.ActiveCfg = Release|Any CPU
		{41A09CB4-0278-470F-9199-C3BFB8497FD8}.Ad-Hoc|Any CPU.Build.0 = Release|Any CPU
		{41A09CB4-0278-470F-9199-C3BFB8497FD8}.Ad-Hoc|Any CPU.Deploy.0 = Release|Any CPU
		{41A09CB4-0278-470F-9199-C3BFB8497FD8}.Ad-Hoc|iPhone.ActiveCfg = Release|Any CPU
		{41A09CB4-0278-470F-9199-C3BFB8497FD8}.Ad-Hoc|iPhone.Build.0 = Release|Any CPU
		{41A09CB4-0278-470F-9199-C3BFB8497FD8}.Ad-Hoc|iPhone.Deploy.0 = Release|Any CPU
		{41A09CB4-0278-470F-9199-C3BFB8497FD8}.Ad-Hoc|iPhoneSimulator.ActiveCfg = Release|Any CPU
		{41A09CB4-0278-470F-9199-C3BFB8497FD8}.Ad-Hoc|iPhoneSimulator.Build.0 = Release|Any CPU
		{41A09CB4-0278-470F-9199-C3BFB8497FD8}.Ad-Hoc|iPhoneSimulator.Deploy.0 = Release|Any CPU
		{41A09CB4-0278-470F-9199-C3BFB8497FD8}.AppStore|Any CPU.ActiveCfg = Release|Any CPU
		{41A09CB4-0278-470F-9199-C3BFB8497FD8}.AppStore|Any CPU.Build.0 = Release|Any CPU
		{41A09CB4-0278-470F-9199-C3BFB8497FD8}.AppStore|Any CPU.Deploy.0 = Release|Any CPU
		{41A09CB4-0278-470F-9199-C3BFB8497FD8}.AppStore|iPhone.ActiveCfg = Release|Any CPU
		{41A09CB4-0278-470F-9199-C3BFB8497FD8}.AppStore|iPhone.Build.0 = Release|Any CPU
		{41A09CB4-0278-470F-9199-C3BFB8497FD8}.AppStore|iPhone.Deploy.0 = Release|Any CPU
		{41A09CB4-0278-470F-9199-C3BFB8497FD8}.AppStore|iPhoneSimulator.ActiveCfg = Release|Any CPU
		{41A09CB4-0278-470F-9199-C3BFB8497FD8}.AppStore|iPhoneSimulator.Build.0 = Release|Any CPU
		{41A09CB4-0278-470F-9199-C3BFB8497FD8}.AppStore|iPhoneSimulator.Deploy.0 = Release|Any CPU
		{41A09CB4-0278-470F-9199-C3BFB8497FD8}.Debug|Any CPU.ActiveCfg = Debug|Any CPU
		{41A09CB4-0278-470F-9199-C3BFB8497FD8}.Debug|Any CPU.Build.0 = Debug|Any CPU
		{41A09CB4-0278-470F-9199-C3BFB8497FD8}.Debug|Any CPU.Deploy.0 = Debug|Any CPU
		{41A09CB4-0278-470F-9199-C3BFB8497FD8}.Debug|iPhone.ActiveCfg = Debug|Any CPU
		{41A09CB4-0278-470F-9199-C3BFB8497FD8}.Debug|iPhone.Build.0 = Debug|Any CPU
		{41A09CB4-0278-470F-9199-C3BFB8497FD8}.Debug|iPhone.Deploy.0 = Debug|Any CPU
		{41A09CB4-0278-470F-9199-C3BFB8497FD8}.Debug|iPhoneSimulator.ActiveCfg = Debug|Any CPU
		{41A09CB4-0278-470F-9199-C3BFB8497FD8}.Debug|iPhoneSimulator.Build.0 = Debug|Any CPU
		{41A09CB4-0278-470F-9199-C3BFB8497FD8}.Debug|iPhoneSimulator.Deploy.0 = Debug|Any CPU
		{41A09CB4-0278-470F-9199-C3BFB8497FD8}.Release|Any CPU.ActiveCfg = Release|Any CPU
		{41A09CB4-0278-470F-9199-C3BFB8497FD8}.Release|Any CPU.Build.0 = Release|Any CPU
		{41A09CB4-0278-470F-9199-C3BFB8497FD8}.Release|Any CPU.Deploy.0 = Release|Any CPU
		{41A09CB4-0278-470F-9199-C3BFB8497FD8}.Release|iPhone.ActiveCfg = Release|Any CPU
		{41A09CB4-0278-470F-9199-C3BFB8497FD8}.Release|iPhone.Build.0 = Release|Any CPU
		{41A09CB4-0278-470F-9199-C3BFB8497FD8}.Release|iPhone.Deploy.0 = Release|Any CPU
		{41A09CB4-0278-470F-9199-C3BFB8497FD8}.Release|iPhoneSimulator.ActiveCfg = Release|Any CPU
		{41A09CB4-0278-470F-9199-C3BFB8497FD8}.Release|iPhoneSimulator.Build.0 = Release|Any CPU
		{41A09CB4-0278-470F-9199-C3BFB8497FD8}.Release|iPhoneSimulator.Deploy.0 = Release|Any CPU
		{BB72E806-B04B-4BCC-9418-1C4120BA2767}.Ad-Hoc|Any CPU.ActiveCfg = Debug|Any CPU
		{BB72E806-B04B-4BCC-9418-1C4120BA2767}.Ad-Hoc|Any CPU.Build.0 = Debug|Any CPU
		{BB72E806-B04B-4BCC-9418-1C4120BA2767}.Ad-Hoc|iPhone.ActiveCfg = Debug|Any CPU
		{BB72E806-B04B-4BCC-9418-1C4120BA2767}.Ad-Hoc|iPhone.Build.0 = Debug|Any CPU
		{BB72E806-B04B-4BCC-9418-1C4120BA2767}.Ad-Hoc|iPhoneSimulator.ActiveCfg = Debug|Any CPU
		{BB72E806-B04B-4BCC-9418-1C4120BA2767}.Ad-Hoc|iPhoneSimulator.Build.0 = Debug|Any CPU
		{BB72E806-B04B-4BCC-9418-1C4120BA2767}.AppStore|Any CPU.ActiveCfg = Debug|Any CPU
		{BB72E806-B04B-4BCC-9418-1C4120BA2767}.AppStore|Any CPU.Build.0 = Debug|Any CPU
		{BB72E806-B04B-4BCC-9418-1C4120BA2767}.AppStore|iPhone.ActiveCfg = Debug|Any CPU
		{BB72E806-B04B-4BCC-9418-1C4120BA2767}.AppStore|iPhone.Build.0 = Debug|Any CPU
		{BB72E806-B04B-4BCC-9418-1C4120BA2767}.AppStore|iPhoneSimulator.ActiveCfg = Debug|Any CPU
		{BB72E806-B04B-4BCC-9418-1C4120BA2767}.AppStore|iPhoneSimulator.Build.0 = Debug|Any CPU
		{BB72E806-B04B-4BCC-9418-1C4120BA2767}.Debug|Any CPU.ActiveCfg = Debug|Any CPU
		{BB72E806-B04B-4BCC-9418-1C4120BA2767}.Debug|Any CPU.Build.0 = Debug|Any CPU
		{BB72E806-B04B-4BCC-9418-1C4120BA2767}.Debug|iPhone.ActiveCfg = Debug|Any CPU
		{BB72E806-B04B-4BCC-9418-1C4120BA2767}.Debug|iPhone.Build.0 = Debug|Any CPU
		{BB72E806-B04B-4BCC-9418-1C4120BA2767}.Debug|iPhoneSimulator.ActiveCfg = Debug|Any CPU
		{BB72E806-B04B-4BCC-9418-1C4120BA2767}.Debug|iPhoneSimulator.Build.0 = Debug|Any CPU
		{BB72E806-B04B-4BCC-9418-1C4120BA2767}.Release|Any CPU.ActiveCfg = Release|Any CPU
		{BB72E806-B04B-4BCC-9418-1C4120BA2767}.Release|Any CPU.Build.0 = Release|Any CPU
		{BB72E806-B04B-4BCC-9418-1C4120BA2767}.Release|iPhone.ActiveCfg = Release|Any CPU
		{BB72E806-B04B-4BCC-9418-1C4120BA2767}.Release|iPhone.Build.0 = Release|Any CPU
		{BB72E806-B04B-4BCC-9418-1C4120BA2767}.Release|iPhoneSimulator.ActiveCfg = Release|Any CPU
		{BB72E806-B04B-4BCC-9418-1C4120BA2767}.Release|iPhoneSimulator.Build.0 = Release|Any CPU
		{3523F988-40C6-42EB-B533-F136C5830361}.Ad-Hoc|Any CPU.ActiveCfg = Release|Any CPU
		{3523F988-40C6-42EB-B533-F136C5830361}.Ad-Hoc|Any CPU.Build.0 = Release|Any CPU
		{3523F988-40C6-42EB-B533-F136C5830361}.Ad-Hoc|Any CPU.Deploy.0 = Release|Any CPU
		{3523F988-40C6-42EB-B533-F136C5830361}.Ad-Hoc|iPhone.ActiveCfg = Release|Any CPU
		{3523F988-40C6-42EB-B533-F136C5830361}.Ad-Hoc|iPhone.Build.0 = Release|Any CPU
		{3523F988-40C6-42EB-B533-F136C5830361}.Ad-Hoc|iPhone.Deploy.0 = Release|Any CPU
		{3523F988-40C6-42EB-B533-F136C5830361}.Ad-Hoc|iPhoneSimulator.ActiveCfg = Release|Any CPU
		{3523F988-40C6-42EB-B533-F136C5830361}.Ad-Hoc|iPhoneSimulator.Build.0 = Release|Any CPU
		{3523F988-40C6-42EB-B533-F136C5830361}.Ad-Hoc|iPhoneSimulator.Deploy.0 = Release|Any CPU
		{3523F988-40C6-42EB-B533-F136C5830361}.AppStore|Any CPU.ActiveCfg = Release|Any CPU
		{3523F988-40C6-42EB-B533-F136C5830361}.AppStore|Any CPU.Build.0 = Release|Any CPU
		{3523F988-40C6-42EB-B533-F136C5830361}.AppStore|Any CPU.Deploy.0 = Release|Any CPU
		{3523F988-40C6-42EB-B533-F136C5830361}.AppStore|iPhone.ActiveCfg = Release|Any CPU
		{3523F988-40C6-42EB-B533-F136C5830361}.AppStore|iPhone.Build.0 = Release|Any CPU
		{3523F988-40C6-42EB-B533-F136C5830361}.AppStore|iPhone.Deploy.0 = Release|Any CPU
		{3523F988-40C6-42EB-B533-F136C5830361}.AppStore|iPhoneSimulator.ActiveCfg = Release|Any CPU
		{3523F988-40C6-42EB-B533-F136C5830361}.AppStore|iPhoneSimulator.Build.0 = Release|Any CPU
		{3523F988-40C6-42EB-B533-F136C5830361}.AppStore|iPhoneSimulator.Deploy.0 = Release|Any CPU
		{3523F988-40C6-42EB-B533-F136C5830361}.Debug|Any CPU.ActiveCfg = Debug|Any CPU
		{3523F988-40C6-42EB-B533-F136C5830361}.Debug|Any CPU.Build.0 = Debug|Any CPU
		{3523F988-40C6-42EB-B533-F136C5830361}.Debug|Any CPU.Deploy.0 = Debug|Any CPU
		{3523F988-40C6-42EB-B533-F136C5830361}.Debug|iPhone.ActiveCfg = Debug|Any CPU
		{3523F988-40C6-42EB-B533-F136C5830361}.Debug|iPhone.Build.0 = Debug|Any CPU
		{3523F988-40C6-42EB-B533-F136C5830361}.Debug|iPhone.Deploy.0 = Debug|Any CPU
		{3523F988-40C6-42EB-B533-F136C5830361}.Debug|iPhoneSimulator.ActiveCfg = Debug|Any CPU
		{3523F988-40C6-42EB-B533-F136C5830361}.Debug|iPhoneSimulator.Build.0 = Debug|Any CPU
		{3523F988-40C6-42EB-B533-F136C5830361}.Debug|iPhoneSimulator.Deploy.0 = Debug|Any CPU
		{3523F988-40C6-42EB-B533-F136C5830361}.Release|Any CPU.ActiveCfg = Release|Any CPU
		{3523F988-40C6-42EB-B533-F136C5830361}.Release|Any CPU.Build.0 = Release|Any CPU
		{3523F988-40C6-42EB-B533-F136C5830361}.Release|Any CPU.Deploy.0 = Release|Any CPU
		{3523F988-40C6-42EB-B533-F136C5830361}.Release|iPhone.ActiveCfg = Release|Any CPU
		{3523F988-40C6-42EB-B533-F136C5830361}.Release|iPhone.Build.0 = Release|Any CPU
		{3523F988-40C6-42EB-B533-F136C5830361}.Release|iPhone.Deploy.0 = Release|Any CPU
		{3523F988-40C6-42EB-B533-F136C5830361}.Release|iPhoneSimulator.ActiveCfg = Release|Any CPU
		{3523F988-40C6-42EB-B533-F136C5830361}.Release|iPhoneSimulator.Build.0 = Release|Any CPU
		{3523F988-40C6-42EB-B533-F136C5830361}.Release|iPhoneSimulator.Deploy.0 = Release|Any CPU
		{13CF85C3-18BB-43E2-B4DC-8240E7D173B7}.Ad-Hoc|Any CPU.ActiveCfg = Debug|Any CPU
		{13CF85C3-18BB-43E2-B4DC-8240E7D173B7}.Ad-Hoc|Any CPU.Build.0 = Debug|Any CPU
		{13CF85C3-18BB-43E2-B4DC-8240E7D173B7}.Ad-Hoc|iPhone.ActiveCfg = Debug|Any CPU
		{13CF85C3-18BB-43E2-B4DC-8240E7D173B7}.Ad-Hoc|iPhone.Build.0 = Debug|Any CPU
		{13CF85C3-18BB-43E2-B4DC-8240E7D173B7}.Ad-Hoc|iPhoneSimulator.ActiveCfg = Debug|Any CPU
		{13CF85C3-18BB-43E2-B4DC-8240E7D173B7}.Ad-Hoc|iPhoneSimulator.Build.0 = Debug|Any CPU
		{13CF85C3-18BB-43E2-B4DC-8240E7D173B7}.AppStore|Any CPU.ActiveCfg = Debug|Any CPU
		{13CF85C3-18BB-43E2-B4DC-8240E7D173B7}.AppStore|Any CPU.Build.0 = Debug|Any CPU
		{13CF85C3-18BB-43E2-B4DC-8240E7D173B7}.AppStore|iPhone.ActiveCfg = Debug|Any CPU
		{13CF85C3-18BB-43E2-B4DC-8240E7D173B7}.AppStore|iPhone.Build.0 = Debug|Any CPU
		{13CF85C3-18BB-43E2-B4DC-8240E7D173B7}.AppStore|iPhoneSimulator.ActiveCfg = Debug|Any CPU
		{13CF85C3-18BB-43E2-B4DC-8240E7D173B7}.AppStore|iPhoneSimulator.Build.0 = Debug|Any CPU
		{13CF85C3-18BB-43E2-B4DC-8240E7D173B7}.Debug|Any CPU.ActiveCfg = Debug|Any CPU
		{13CF85C3-18BB-43E2-B4DC-8240E7D173B7}.Debug|Any CPU.Build.0 = Debug|Any CPU
		{13CF85C3-18BB-43E2-B4DC-8240E7D173B7}.Debug|iPhone.ActiveCfg = Debug|Any CPU
		{13CF85C3-18BB-43E2-B4DC-8240E7D173B7}.Debug|iPhone.Build.0 = Debug|Any CPU
		{13CF85C3-18BB-43E2-B4DC-8240E7D173B7}.Debug|iPhoneSimulator.ActiveCfg = Debug|Any CPU
		{13CF85C3-18BB-43E2-B4DC-8240E7D173B7}.Debug|iPhoneSimulator.Build.0 = Debug|Any CPU
		{13CF85C3-18BB-43E2-B4DC-8240E7D173B7}.Release|Any CPU.ActiveCfg = Release|Any CPU
		{13CF85C3-18BB-43E2-B4DC-8240E7D173B7}.Release|Any CPU.Build.0 = Release|Any CPU
		{13CF85C3-18BB-43E2-B4DC-8240E7D173B7}.Release|iPhone.ActiveCfg = Release|Any CPU
		{13CF85C3-18BB-43E2-B4DC-8240E7D173B7}.Release|iPhone.Build.0 = Release|Any CPU
		{13CF85C3-18BB-43E2-B4DC-8240E7D173B7}.Release|iPhoneSimulator.ActiveCfg = Release|Any CPU
		{13CF85C3-18BB-43E2-B4DC-8240E7D173B7}.Release|iPhoneSimulator.Build.0 = Release|Any CPU
		{10BBF5A3-4F50-49DF-B6DB-B297B33377B3}.Ad-Hoc|Any CPU.ActiveCfg = Release|Any CPU
		{10BBF5A3-4F50-49DF-B6DB-B297B33377B3}.Ad-Hoc|Any CPU.Build.0 = Release|Any CPU
		{10BBF5A3-4F50-49DF-B6DB-B297B33377B3}.Ad-Hoc|Any CPU.Deploy.0 = Release|Any CPU
		{10BBF5A3-4F50-49DF-B6DB-B297B33377B3}.Ad-Hoc|iPhone.ActiveCfg = Release|Any CPU
		{10BBF5A3-4F50-49DF-B6DB-B297B33377B3}.Ad-Hoc|iPhone.Build.0 = Release|Any CPU
		{10BBF5A3-4F50-49DF-B6DB-B297B33377B3}.Ad-Hoc|iPhone.Deploy.0 = Release|Any CPU
		{10BBF5A3-4F50-49DF-B6DB-B297B33377B3}.Ad-Hoc|iPhoneSimulator.ActiveCfg = Release|Any CPU
		{10BBF5A3-4F50-49DF-B6DB-B297B33377B3}.Ad-Hoc|iPhoneSimulator.Build.0 = Release|Any CPU
		{10BBF5A3-4F50-49DF-B6DB-B297B33377B3}.Ad-Hoc|iPhoneSimulator.Deploy.0 = Release|Any CPU
		{10BBF5A3-4F50-49DF-B6DB-B297B33377B3}.AppStore|Any CPU.ActiveCfg = Release|Any CPU
		{10BBF5A3-4F50-49DF-B6DB-B297B33377B3}.AppStore|Any CPU.Build.0 = Release|Any CPU
		{10BBF5A3-4F50-49DF-B6DB-B297B33377B3}.AppStore|Any CPU.Deploy.0 = Release|Any CPU
		{10BBF5A3-4F50-49DF-B6DB-B297B33377B3}.AppStore|iPhone.ActiveCfg = Release|Any CPU
		{10BBF5A3-4F50-49DF-B6DB-B297B33377B3}.AppStore|iPhone.Build.0 = Release|Any CPU
		{10BBF5A3-4F50-49DF-B6DB-B297B33377B3}.AppStore|iPhone.Deploy.0 = Release|Any CPU
		{10BBF5A3-4F50-49DF-B6DB-B297B33377B3}.AppStore|iPhoneSimulator.ActiveCfg = Release|Any CPU
		{10BBF5A3-4F50-49DF-B6DB-B297B33377B3}.AppStore|iPhoneSimulator.Build.0 = Release|Any CPU
		{10BBF5A3-4F50-49DF-B6DB-B297B33377B3}.AppStore|iPhoneSimulator.Deploy.0 = Release|Any CPU
		{10BBF5A3-4F50-49DF-B6DB-B297B33377B3}.Debug|Any CPU.ActiveCfg = Debug|Any CPU
		{10BBF5A3-4F50-49DF-B6DB-B297B33377B3}.Debug|Any CPU.Build.0 = Debug|Any CPU
		{10BBF5A3-4F50-49DF-B6DB-B297B33377B3}.Debug|Any CPU.Deploy.0 = Debug|Any CPU
		{10BBF5A3-4F50-49DF-B6DB-B297B33377B3}.Debug|iPhone.ActiveCfg = Debug|Any CPU
		{10BBF5A3-4F50-49DF-B6DB-B297B33377B3}.Debug|iPhone.Build.0 = Debug|Any CPU
		{10BBF5A3-4F50-49DF-B6DB-B297B33377B3}.Debug|iPhone.Deploy.0 = Debug|Any CPU
		{10BBF5A3-4F50-49DF-B6DB-B297B33377B3}.Debug|iPhoneSimulator.ActiveCfg = Debug|Any CPU
		{10BBF5A3-4F50-49DF-B6DB-B297B33377B3}.Debug|iPhoneSimulator.Build.0 = Debug|Any CPU
		{10BBF5A3-4F50-49DF-B6DB-B297B33377B3}.Debug|iPhoneSimulator.Deploy.0 = Debug|Any CPU
		{10BBF5A3-4F50-49DF-B6DB-B297B33377B3}.Release|Any CPU.ActiveCfg = Release|Any CPU
		{10BBF5A3-4F50-49DF-B6DB-B297B33377B3}.Release|Any CPU.Build.0 = Release|Any CPU
		{10BBF5A3-4F50-49DF-B6DB-B297B33377B3}.Release|Any CPU.Deploy.0 = Release|Any CPU
		{10BBF5A3-4F50-49DF-B6DB-B297B33377B3}.Release|iPhone.ActiveCfg = Release|Any CPU
		{10BBF5A3-4F50-49DF-B6DB-B297B33377B3}.Release|iPhone.Build.0 = Release|Any CPU
		{10BBF5A3-4F50-49DF-B6DB-B297B33377B3}.Release|iPhone.Deploy.0 = Release|Any CPU
		{10BBF5A3-4F50-49DF-B6DB-B297B33377B3}.Release|iPhoneSimulator.ActiveCfg = Release|Any CPU
		{10BBF5A3-4F50-49DF-B6DB-B297B33377B3}.Release|iPhoneSimulator.Build.0 = Release|Any CPU
		{10BBF5A3-4F50-49DF-B6DB-B297B33377B3}.Release|iPhoneSimulator.Deploy.0 = Release|Any CPU
		{59F647A5-16CD-44FD-834D-8CCC581548FA}.Ad-Hoc|Any CPU.ActiveCfg = Debug|Any CPU
		{59F647A5-16CD-44FD-834D-8CCC581548FA}.Ad-Hoc|Any CPU.Build.0 = Debug|Any CPU
		{59F647A5-16CD-44FD-834D-8CCC581548FA}.Ad-Hoc|iPhone.ActiveCfg = Debug|Any CPU
		{59F647A5-16CD-44FD-834D-8CCC581548FA}.Ad-Hoc|iPhone.Build.0 = Debug|Any CPU
		{59F647A5-16CD-44FD-834D-8CCC581548FA}.Ad-Hoc|iPhoneSimulator.ActiveCfg = Debug|Any CPU
		{59F647A5-16CD-44FD-834D-8CCC581548FA}.Ad-Hoc|iPhoneSimulator.Build.0 = Debug|Any CPU
		{59F647A5-16CD-44FD-834D-8CCC581548FA}.AppStore|Any CPU.ActiveCfg = Debug|Any CPU
		{59F647A5-16CD-44FD-834D-8CCC581548FA}.AppStore|Any CPU.Build.0 = Debug|Any CPU
		{59F647A5-16CD-44FD-834D-8CCC581548FA}.AppStore|iPhone.ActiveCfg = Debug|Any CPU
		{59F647A5-16CD-44FD-834D-8CCC581548FA}.AppStore|iPhone.Build.0 = Debug|Any CPU
		{59F647A5-16CD-44FD-834D-8CCC581548FA}.AppStore|iPhoneSimulator.ActiveCfg = Debug|Any CPU
		{59F647A5-16CD-44FD-834D-8CCC581548FA}.AppStore|iPhoneSimulator.Build.0 = Debug|Any CPU
		{59F647A5-16CD-44FD-834D-8CCC581548FA}.Debug|Any CPU.ActiveCfg = Debug|Any CPU
		{59F647A5-16CD-44FD-834D-8CCC581548FA}.Debug|Any CPU.Build.0 = Debug|Any CPU
		{59F647A5-16CD-44FD-834D-8CCC581548FA}.Debug|iPhone.ActiveCfg = Debug|Any CPU
		{59F647A5-16CD-44FD-834D-8CCC581548FA}.Debug|iPhone.Build.0 = Debug|Any CPU
		{59F647A5-16CD-44FD-834D-8CCC581548FA}.Debug|iPhoneSimulator.ActiveCfg = Debug|Any CPU
		{59F647A5-16CD-44FD-834D-8CCC581548FA}.Debug|iPhoneSimulator.Build.0 = Debug|Any CPU
		{59F647A5-16CD-44FD-834D-8CCC581548FA}.Release|Any CPU.ActiveCfg = Release|Any CPU
		{59F647A5-16CD-44FD-834D-8CCC581548FA}.Release|Any CPU.Build.0 = Release|Any CPU
		{59F647A5-16CD-44FD-834D-8CCC581548FA}.Release|iPhone.ActiveCfg = Release|Any CPU
		{59F647A5-16CD-44FD-834D-8CCC581548FA}.Release|iPhone.Build.0 = Release|Any CPU
		{59F647A5-16CD-44FD-834D-8CCC581548FA}.Release|iPhoneSimulator.ActiveCfg = Release|Any CPU
		{59F647A5-16CD-44FD-834D-8CCC581548FA}.Release|iPhoneSimulator.Build.0 = Release|Any CPU
		{9A8BC3D3-DBFF-4998-8971-4E10C8FB4BD8}.Ad-Hoc|Any CPU.ActiveCfg = Release|Any CPU
		{9A8BC3D3-DBFF-4998-8971-4E10C8FB4BD8}.Ad-Hoc|Any CPU.Build.0 = Release|Any CPU
		{9A8BC3D3-DBFF-4998-8971-4E10C8FB4BD8}.Ad-Hoc|Any CPU.Deploy.0 = Release|Any CPU
		{9A8BC3D3-DBFF-4998-8971-4E10C8FB4BD8}.Ad-Hoc|iPhone.ActiveCfg = Release|Any CPU
		{9A8BC3D3-DBFF-4998-8971-4E10C8FB4BD8}.Ad-Hoc|iPhone.Build.0 = Release|Any CPU
		{9A8BC3D3-DBFF-4998-8971-4E10C8FB4BD8}.Ad-Hoc|iPhone.Deploy.0 = Release|Any CPU
		{9A8BC3D3-DBFF-4998-8971-4E10C8FB4BD8}.Ad-Hoc|iPhoneSimulator.ActiveCfg = Release|Any CPU
		{9A8BC3D3-DBFF-4998-8971-4E10C8FB4BD8}.Ad-Hoc|iPhoneSimulator.Build.0 = Release|Any CPU
		{9A8BC3D3-DBFF-4998-8971-4E10C8FB4BD8}.Ad-Hoc|iPhoneSimulator.Deploy.0 = Release|Any CPU
		{9A8BC3D3-DBFF-4998-8971-4E10C8FB4BD8}.AppStore|Any CPU.ActiveCfg = Release|Any CPU
		{9A8BC3D3-DBFF-4998-8971-4E10C8FB4BD8}.AppStore|Any CPU.Build.0 = Release|Any CPU
		{9A8BC3D3-DBFF-4998-8971-4E10C8FB4BD8}.AppStore|Any CPU.Deploy.0 = Release|Any CPU
		{9A8BC3D3-DBFF-4998-8971-4E10C8FB4BD8}.AppStore|iPhone.ActiveCfg = Release|Any CPU
		{9A8BC3D3-DBFF-4998-8971-4E10C8FB4BD8}.AppStore|iPhone.Build.0 = Release|Any CPU
		{9A8BC3D3-DBFF-4998-8971-4E10C8FB4BD8}.AppStore|iPhone.Deploy.0 = Release|Any CPU
		{9A8BC3D3-DBFF-4998-8971-4E10C8FB4BD8}.AppStore|iPhoneSimulator.ActiveCfg = Release|Any CPU
		{9A8BC3D3-DBFF-4998-8971-4E10C8FB4BD8}.AppStore|iPhoneSimulator.Build.0 = Release|Any CPU
		{9A8BC3D3-DBFF-4998-8971-4E10C8FB4BD8}.AppStore|iPhoneSimulator.Deploy.0 = Release|Any CPU
		{9A8BC3D3-DBFF-4998-8971-4E10C8FB4BD8}.Debug|Any CPU.ActiveCfg = Debug|Any CPU
		{9A8BC3D3-DBFF-4998-8971-4E10C8FB4BD8}.Debug|Any CPU.Build.0 = Debug|Any CPU
		{9A8BC3D3-DBFF-4998-8971-4E10C8FB4BD8}.Debug|Any CPU.Deploy.0 = Debug|Any CPU
		{9A8BC3D3-DBFF-4998-8971-4E10C8FB4BD8}.Debug|iPhone.ActiveCfg = Debug|Any CPU
		{9A8BC3D3-DBFF-4998-8971-4E10C8FB4BD8}.Debug|iPhone.Build.0 = Debug|Any CPU
		{9A8BC3D3-DBFF-4998-8971-4E10C8FB4BD8}.Debug|iPhone.Deploy.0 = Debug|Any CPU
		{9A8BC3D3-DBFF-4998-8971-4E10C8FB4BD8}.Debug|iPhoneSimulator.ActiveCfg = Debug|Any CPU
		{9A8BC3D3-DBFF-4998-8971-4E10C8FB4BD8}.Debug|iPhoneSimulator.Build.0 = Debug|Any CPU
		{9A8BC3D3-DBFF-4998-8971-4E10C8FB4BD8}.Debug|iPhoneSimulator.Deploy.0 = Debug|Any CPU
		{9A8BC3D3-DBFF-4998-8971-4E10C8FB4BD8}.Release|Any CPU.ActiveCfg = Release|Any CPU
		{9A8BC3D3-DBFF-4998-8971-4E10C8FB4BD8}.Release|Any CPU.Build.0 = Release|Any CPU
		{9A8BC3D3-DBFF-4998-8971-4E10C8FB4BD8}.Release|Any CPU.Deploy.0 = Release|Any CPU
		{9A8BC3D3-DBFF-4998-8971-4E10C8FB4BD8}.Release|iPhone.ActiveCfg = Release|Any CPU
		{9A8BC3D3-DBFF-4998-8971-4E10C8FB4BD8}.Release|iPhone.Build.0 = Release|Any CPU
		{9A8BC3D3-DBFF-4998-8971-4E10C8FB4BD8}.Release|iPhone.Deploy.0 = Release|Any CPU
		{9A8BC3D3-DBFF-4998-8971-4E10C8FB4BD8}.Release|iPhoneSimulator.ActiveCfg = Release|Any CPU
		{9A8BC3D3-DBFF-4998-8971-4E10C8FB4BD8}.Release|iPhoneSimulator.Build.0 = Release|Any CPU
		{9A8BC3D3-DBFF-4998-8971-4E10C8FB4BD8}.Release|iPhoneSimulator.Deploy.0 = Release|Any CPU
		{415E9E22-F6C9-48BD-B423-0BA06A01FA57}.Ad-Hoc|Any CPU.ActiveCfg = Debug|Any CPU
		{415E9E22-F6C9-48BD-B423-0BA06A01FA57}.Ad-Hoc|Any CPU.Build.0 = Debug|Any CPU
		{415E9E22-F6C9-48BD-B423-0BA06A01FA57}.Ad-Hoc|iPhone.ActiveCfg = Debug|Any CPU
		{415E9E22-F6C9-48BD-B423-0BA06A01FA57}.Ad-Hoc|iPhone.Build.0 = Debug|Any CPU
		{415E9E22-F6C9-48BD-B423-0BA06A01FA57}.Ad-Hoc|iPhoneSimulator.ActiveCfg = Debug|Any CPU
		{415E9E22-F6C9-48BD-B423-0BA06A01FA57}.Ad-Hoc|iPhoneSimulator.Build.0 = Debug|Any CPU
		{415E9E22-F6C9-48BD-B423-0BA06A01FA57}.AppStore|Any CPU.ActiveCfg = Debug|Any CPU
		{415E9E22-F6C9-48BD-B423-0BA06A01FA57}.AppStore|Any CPU.Build.0 = Debug|Any CPU
		{415E9E22-F6C9-48BD-B423-0BA06A01FA57}.AppStore|iPhone.ActiveCfg = Debug|Any CPU
		{415E9E22-F6C9-48BD-B423-0BA06A01FA57}.AppStore|iPhone.Build.0 = Debug|Any CPU
		{415E9E22-F6C9-48BD-B423-0BA06A01FA57}.AppStore|iPhoneSimulator.ActiveCfg = Debug|Any CPU
		{415E9E22-F6C9-48BD-B423-0BA06A01FA57}.AppStore|iPhoneSimulator.Build.0 = Debug|Any CPU
		{415E9E22-F6C9-48BD-B423-0BA06A01FA57}.Debug|Any CPU.ActiveCfg = Debug|Any CPU
		{415E9E22-F6C9-48BD-B423-0BA06A01FA57}.Debug|Any CPU.Build.0 = Debug|Any CPU
		{415E9E22-F6C9-48BD-B423-0BA06A01FA57}.Debug|iPhone.ActiveCfg = Debug|Any CPU
		{415E9E22-F6C9-48BD-B423-0BA06A01FA57}.Debug|iPhone.Build.0 = Debug|Any CPU
		{415E9E22-F6C9-48BD-B423-0BA06A01FA57}.Debug|iPhoneSimulator.ActiveCfg = Debug|Any CPU
		{415E9E22-F6C9-48BD-B423-0BA06A01FA57}.Debug|iPhoneSimulator.Build.0 = Debug|Any CPU
		{415E9E22-F6C9-48BD-B423-0BA06A01FA57}.Release|Any CPU.ActiveCfg = Release|Any CPU
		{415E9E22-F6C9-48BD-B423-0BA06A01FA57}.Release|Any CPU.Build.0 = Release|Any CPU
		{415E9E22-F6C9-48BD-B423-0BA06A01FA57}.Release|iPhone.ActiveCfg = Release|Any CPU
		{415E9E22-F6C9-48BD-B423-0BA06A01FA57}.Release|iPhone.Build.0 = Release|Any CPU
		{415E9E22-F6C9-48BD-B423-0BA06A01FA57}.Release|iPhoneSimulator.ActiveCfg = Release|Any CPU
		{415E9E22-F6C9-48BD-B423-0BA06A01FA57}.Release|iPhoneSimulator.Build.0 = Release|Any CPU
		{A017F590-B7E7-43D4-8292-5A7813A36E1F}.Ad-Hoc|Any CPU.ActiveCfg = Release|Any CPU
		{A017F590-B7E7-43D4-8292-5A7813A36E1F}.Ad-Hoc|Any CPU.Build.0 = Release|Any CPU
		{A017F590-B7E7-43D4-8292-5A7813A36E1F}.Ad-Hoc|Any CPU.Deploy.0 = Release|Any CPU
		{A017F590-B7E7-43D4-8292-5A7813A36E1F}.Ad-Hoc|iPhone.ActiveCfg = Release|Any CPU
		{A017F590-B7E7-43D4-8292-5A7813A36E1F}.Ad-Hoc|iPhone.Build.0 = Release|Any CPU
		{A017F590-B7E7-43D4-8292-5A7813A36E1F}.Ad-Hoc|iPhone.Deploy.0 = Release|Any CPU
		{A017F590-B7E7-43D4-8292-5A7813A36E1F}.Ad-Hoc|iPhoneSimulator.ActiveCfg = Release|Any CPU
		{A017F590-B7E7-43D4-8292-5A7813A36E1F}.Ad-Hoc|iPhoneSimulator.Build.0 = Release|Any CPU
		{A017F590-B7E7-43D4-8292-5A7813A36E1F}.Ad-Hoc|iPhoneSimulator.Deploy.0 = Release|Any CPU
		{A017F590-B7E7-43D4-8292-5A7813A36E1F}.AppStore|Any CPU.ActiveCfg = Release|Any CPU
		{A017F590-B7E7-43D4-8292-5A7813A36E1F}.AppStore|Any CPU.Build.0 = Release|Any CPU
		{A017F590-B7E7-43D4-8292-5A7813A36E1F}.AppStore|Any CPU.Deploy.0 = Release|Any CPU
		{A017F590-B7E7-43D4-8292-5A7813A36E1F}.AppStore|iPhone.ActiveCfg = Release|Any CPU
		{A017F590-B7E7-43D4-8292-5A7813A36E1F}.AppStore|iPhone.Build.0 = Release|Any CPU
		{A017F590-B7E7-43D4-8292-5A7813A36E1F}.AppStore|iPhone.Deploy.0 = Release|Any CPU
		{A017F590-B7E7-43D4-8292-5A7813A36E1F}.AppStore|iPhoneSimulator.ActiveCfg = Release|Any CPU
		{A017F590-B7E7-43D4-8292-5A7813A36E1F}.AppStore|iPhoneSimulator.Build.0 = Release|Any CPU
		{A017F590-B7E7-43D4-8292-5A7813A36E1F}.AppStore|iPhoneSimulator.Deploy.0 = Release|Any CPU
		{A017F590-B7E7-43D4-8292-5A7813A36E1F}.Debug|Any CPU.ActiveCfg = Debug|Any CPU
		{A017F590-B7E7-43D4-8292-5A7813A36E1F}.Debug|Any CPU.Build.0 = Debug|Any CPU
		{A017F590-B7E7-43D4-8292-5A7813A36E1F}.Debug|Any CPU.Deploy.0 = Debug|Any CPU
		{A017F590-B7E7-43D4-8292-5A7813A36E1F}.Debug|iPhone.ActiveCfg = Debug|Any CPU
		{A017F590-B7E7-43D4-8292-5A7813A36E1F}.Debug|iPhone.Build.0 = Debug|Any CPU
		{A017F590-B7E7-43D4-8292-5A7813A36E1F}.Debug|iPhone.Deploy.0 = Debug|Any CPU
		{A017F590-B7E7-43D4-8292-5A7813A36E1F}.Debug|iPhoneSimulator.ActiveCfg = Debug|Any CPU
		{A017F590-B7E7-43D4-8292-5A7813A36E1F}.Debug|iPhoneSimulator.Build.0 = Debug|Any CPU
		{A017F590-B7E7-43D4-8292-5A7813A36E1F}.Debug|iPhoneSimulator.Deploy.0 = Debug|Any CPU
		{A017F590-B7E7-43D4-8292-5A7813A36E1F}.Release|Any CPU.ActiveCfg = Release|Any CPU
		{A017F590-B7E7-43D4-8292-5A7813A36E1F}.Release|Any CPU.Build.0 = Release|Any CPU
		{A017F590-B7E7-43D4-8292-5A7813A36E1F}.Release|Any CPU.Deploy.0 = Release|Any CPU
		{A017F590-B7E7-43D4-8292-5A7813A36E1F}.Release|iPhone.ActiveCfg = Release|Any CPU
		{A017F590-B7E7-43D4-8292-5A7813A36E1F}.Release|iPhone.Build.0 = Release|Any CPU
		{A017F590-B7E7-43D4-8292-5A7813A36E1F}.Release|iPhone.Deploy.0 = Release|Any CPU
		{A017F590-B7E7-43D4-8292-5A7813A36E1F}.Release|iPhoneSimulator.ActiveCfg = Release|Any CPU
		{A017F590-B7E7-43D4-8292-5A7813A36E1F}.Release|iPhoneSimulator.Build.0 = Release|Any CPU
		{A017F590-B7E7-43D4-8292-5A7813A36E1F}.Release|iPhoneSimulator.Deploy.0 = Release|Any CPU
		{C5351EF9-D6DD-4133-8C73-261E85A01561}.Ad-Hoc|Any CPU.ActiveCfg = Debug|Any CPU
		{C5351EF9-D6DD-4133-8C73-261E85A01561}.Ad-Hoc|Any CPU.Build.0 = Debug|Any CPU
		{C5351EF9-D6DD-4133-8C73-261E85A01561}.Ad-Hoc|iPhone.ActiveCfg = Debug|Any CPU
		{C5351EF9-D6DD-4133-8C73-261E85A01561}.Ad-Hoc|iPhone.Build.0 = Debug|Any CPU
		{C5351EF9-D6DD-4133-8C73-261E85A01561}.Ad-Hoc|iPhoneSimulator.ActiveCfg = Debug|Any CPU
		{C5351EF9-D6DD-4133-8C73-261E85A01561}.Ad-Hoc|iPhoneSimulator.Build.0 = Debug|Any CPU
		{C5351EF9-D6DD-4133-8C73-261E85A01561}.AppStore|Any CPU.ActiveCfg = Debug|Any CPU
		{C5351EF9-D6DD-4133-8C73-261E85A01561}.AppStore|Any CPU.Build.0 = Debug|Any CPU
		{C5351EF9-D6DD-4133-8C73-261E85A01561}.AppStore|iPhone.ActiveCfg = Debug|Any CPU
		{C5351EF9-D6DD-4133-8C73-261E85A01561}.AppStore|iPhone.Build.0 = Debug|Any CPU
		{C5351EF9-D6DD-4133-8C73-261E85A01561}.AppStore|iPhoneSimulator.ActiveCfg = Debug|Any CPU
		{C5351EF9-D6DD-4133-8C73-261E85A01561}.AppStore|iPhoneSimulator.Build.0 = Debug|Any CPU
		{C5351EF9-D6DD-4133-8C73-261E85A01561}.Debug|Any CPU.ActiveCfg = Debug|Any CPU
		{C5351EF9-D6DD-4133-8C73-261E85A01561}.Debug|Any CPU.Build.0 = Debug|Any CPU
		{C5351EF9-D6DD-4133-8C73-261E85A01561}.Debug|iPhone.ActiveCfg = Debug|Any CPU
		{C5351EF9-D6DD-4133-8C73-261E85A01561}.Debug|iPhone.Build.0 = Debug|Any CPU
		{C5351EF9-D6DD-4133-8C73-261E85A01561}.Debug|iPhoneSimulator.ActiveCfg = Debug|Any CPU
		{C5351EF9-D6DD-4133-8C73-261E85A01561}.Debug|iPhoneSimulator.Build.0 = Debug|Any CPU
		{C5351EF9-D6DD-4133-8C73-261E85A01561}.Release|Any CPU.ActiveCfg = Release|Any CPU
		{C5351EF9-D6DD-4133-8C73-261E85A01561}.Release|Any CPU.Build.0 = Release|Any CPU
		{C5351EF9-D6DD-4133-8C73-261E85A01561}.Release|iPhone.ActiveCfg = Release|Any CPU
		{C5351EF9-D6DD-4133-8C73-261E85A01561}.Release|iPhone.Build.0 = Release|Any CPU
		{C5351EF9-D6DD-4133-8C73-261E85A01561}.Release|iPhoneSimulator.ActiveCfg = Release|Any CPU
		{C5351EF9-D6DD-4133-8C73-261E85A01561}.Release|iPhoneSimulator.Build.0 = Release|Any CPU
		{239272E0-25D4-408D-BB9C-FEAC6DE4715F}.Ad-Hoc|Any CPU.ActiveCfg = Release|Any CPU
		{239272E0-25D4-408D-BB9C-FEAC6DE4715F}.Ad-Hoc|Any CPU.Build.0 = Release|Any CPU
		{239272E0-25D4-408D-BB9C-FEAC6DE4715F}.Ad-Hoc|Any CPU.Deploy.0 = Release|Any CPU
		{239272E0-25D4-408D-BB9C-FEAC6DE4715F}.Ad-Hoc|iPhone.ActiveCfg = Release|Any CPU
		{239272E0-25D4-408D-BB9C-FEAC6DE4715F}.Ad-Hoc|iPhone.Build.0 = Release|Any CPU
		{239272E0-25D4-408D-BB9C-FEAC6DE4715F}.Ad-Hoc|iPhone.Deploy.0 = Release|Any CPU
		{239272E0-25D4-408D-BB9C-FEAC6DE4715F}.Ad-Hoc|iPhoneSimulator.ActiveCfg = Release|Any CPU
		{239272E0-25D4-408D-BB9C-FEAC6DE4715F}.Ad-Hoc|iPhoneSimulator.Build.0 = Release|Any CPU
		{239272E0-25D4-408D-BB9C-FEAC6DE4715F}.Ad-Hoc|iPhoneSimulator.Deploy.0 = Release|Any CPU
		{239272E0-25D4-408D-BB9C-FEAC6DE4715F}.AppStore|Any CPU.ActiveCfg = Release|Any CPU
		{239272E0-25D4-408D-BB9C-FEAC6DE4715F}.AppStore|Any CPU.Build.0 = Release|Any CPU
		{239272E0-25D4-408D-BB9C-FEAC6DE4715F}.AppStore|Any CPU.Deploy.0 = Release|Any CPU
		{239272E0-25D4-408D-BB9C-FEAC6DE4715F}.AppStore|iPhone.ActiveCfg = Release|Any CPU
		{239272E0-25D4-408D-BB9C-FEAC6DE4715F}.AppStore|iPhone.Build.0 = Release|Any CPU
		{239272E0-25D4-408D-BB9C-FEAC6DE4715F}.AppStore|iPhone.Deploy.0 = Release|Any CPU
		{239272E0-25D4-408D-BB9C-FEAC6DE4715F}.AppStore|iPhoneSimulator.ActiveCfg = Release|Any CPU
		{239272E0-25D4-408D-BB9C-FEAC6DE4715F}.AppStore|iPhoneSimulator.Build.0 = Release|Any CPU
		{239272E0-25D4-408D-BB9C-FEAC6DE4715F}.AppStore|iPhoneSimulator.Deploy.0 = Release|Any CPU
		{239272E0-25D4-408D-BB9C-FEAC6DE4715F}.Debug|Any CPU.ActiveCfg = Debug|Any CPU
		{239272E0-25D4-408D-BB9C-FEAC6DE4715F}.Debug|Any CPU.Build.0 = Debug|Any CPU
		{239272E0-25D4-408D-BB9C-FEAC6DE4715F}.Debug|Any CPU.Deploy.0 = Debug|Any CPU
		{239272E0-25D4-408D-BB9C-FEAC6DE4715F}.Debug|iPhone.ActiveCfg = Debug|Any CPU
		{239272E0-25D4-408D-BB9C-FEAC6DE4715F}.Debug|iPhone.Build.0 = Debug|Any CPU
		{239272E0-25D4-408D-BB9C-FEAC6DE4715F}.Debug|iPhone.Deploy.0 = Debug|Any CPU
		{239272E0-25D4-408D-BB9C-FEAC6DE4715F}.Debug|iPhoneSimulator.ActiveCfg = Debug|Any CPU
		{239272E0-25D4-408D-BB9C-FEAC6DE4715F}.Debug|iPhoneSimulator.Build.0 = Debug|Any CPU
		{239272E0-25D4-408D-BB9C-FEAC6DE4715F}.Debug|iPhoneSimulator.Deploy.0 = Debug|Any CPU
		{239272E0-25D4-408D-BB9C-FEAC6DE4715F}.Release|Any CPU.ActiveCfg = Release|Any CPU
		{239272E0-25D4-408D-BB9C-FEAC6DE4715F}.Release|Any CPU.Build.0 = Release|Any CPU
		{239272E0-25D4-408D-BB9C-FEAC6DE4715F}.Release|Any CPU.Deploy.0 = Release|Any CPU
		{239272E0-25D4-408D-BB9C-FEAC6DE4715F}.Release|iPhone.ActiveCfg = Release|Any CPU
		{239272E0-25D4-408D-BB9C-FEAC6DE4715F}.Release|iPhone.Build.0 = Release|Any CPU
		{239272E0-25D4-408D-BB9C-FEAC6DE4715F}.Release|iPhone.Deploy.0 = Release|Any CPU
		{239272E0-25D4-408D-BB9C-FEAC6DE4715F}.Release|iPhoneSimulator.ActiveCfg = Release|Any CPU
		{239272E0-25D4-408D-BB9C-FEAC6DE4715F}.Release|iPhoneSimulator.Build.0 = Release|Any CPU
		{239272E0-25D4-408D-BB9C-FEAC6DE4715F}.Release|iPhoneSimulator.Deploy.0 = Release|Any CPU
		{E149A3AB-2893-40D3-8835-18C5243A63ED}.Ad-Hoc|Any CPU.ActiveCfg = Debug|Any CPU
		{E149A3AB-2893-40D3-8835-18C5243A63ED}.Ad-Hoc|Any CPU.Build.0 = Debug|Any CPU
		{E149A3AB-2893-40D3-8835-18C5243A63ED}.Ad-Hoc|iPhone.ActiveCfg = Debug|Any CPU
		{E149A3AB-2893-40D3-8835-18C5243A63ED}.Ad-Hoc|iPhone.Build.0 = Debug|Any CPU
		{E149A3AB-2893-40D3-8835-18C5243A63ED}.Ad-Hoc|iPhoneSimulator.ActiveCfg = Debug|Any CPU
		{E149A3AB-2893-40D3-8835-18C5243A63ED}.Ad-Hoc|iPhoneSimulator.Build.0 = Debug|Any CPU
		{E149A3AB-2893-40D3-8835-18C5243A63ED}.AppStore|Any CPU.ActiveCfg = Debug|Any CPU
		{E149A3AB-2893-40D3-8835-18C5243A63ED}.AppStore|Any CPU.Build.0 = Debug|Any CPU
		{E149A3AB-2893-40D3-8835-18C5243A63ED}.AppStore|iPhone.ActiveCfg = Debug|Any CPU
		{E149A3AB-2893-40D3-8835-18C5243A63ED}.AppStore|iPhone.Build.0 = Debug|Any CPU
		{E149A3AB-2893-40D3-8835-18C5243A63ED}.AppStore|iPhoneSimulator.ActiveCfg = Debug|Any CPU
		{E149A3AB-2893-40D3-8835-18C5243A63ED}.AppStore|iPhoneSimulator.Build.0 = Debug|Any CPU
		{E149A3AB-2893-40D3-8835-18C5243A63ED}.Debug|Any CPU.ActiveCfg = Debug|Any CPU
		{E149A3AB-2893-40D3-8835-18C5243A63ED}.Debug|Any CPU.Build.0 = Debug|Any CPU
		{E149A3AB-2893-40D3-8835-18C5243A63ED}.Debug|iPhone.ActiveCfg = Debug|Any CPU
		{E149A3AB-2893-40D3-8835-18C5243A63ED}.Debug|iPhone.Build.0 = Debug|Any CPU
		{E149A3AB-2893-40D3-8835-18C5243A63ED}.Debug|iPhoneSimulator.ActiveCfg = Debug|Any CPU
		{E149A3AB-2893-40D3-8835-18C5243A63ED}.Debug|iPhoneSimulator.Build.0 = Debug|Any CPU
		{E149A3AB-2893-40D3-8835-18C5243A63ED}.Release|Any CPU.ActiveCfg = Release|Any CPU
		{E149A3AB-2893-40D3-8835-18C5243A63ED}.Release|Any CPU.Build.0 = Release|Any CPU
		{E149A3AB-2893-40D3-8835-18C5243A63ED}.Release|iPhone.ActiveCfg = Release|Any CPU
		{E149A3AB-2893-40D3-8835-18C5243A63ED}.Release|iPhone.Build.0 = Release|Any CPU
		{E149A3AB-2893-40D3-8835-18C5243A63ED}.Release|iPhoneSimulator.ActiveCfg = Release|Any CPU
		{E149A3AB-2893-40D3-8835-18C5243A63ED}.Release|iPhoneSimulator.Build.0 = Release|Any CPU
	EndGlobalSection
	GlobalSection(SolutionProperties) = preSolution
		HideSolutionNode = FALSE
	EndGlobalSection
	GlobalSection(ExtensibilityGlobals) = postSolution
		SolutionGuid = {C724691F-71EC-4F4A-B6B9-E485F9771DBB}
	EndGlobalSection
EndGlobal
